{
    "name": "koa-CRUD",
    "version": "0.0.1",
    "lockfileVersion": 1,
    "requires": true,
    "dependencies": {
        "accepts": {
            "version": "1.0.7",
            "resolved": "https://registry.npmjs.org/accepts/-/accepts-1.0.7.tgz",
            "integrity": "sha1-W1AftPBwQwmWTM2wSBclQSCNqxo=",
            "requires": {
                "mime-types": "~1.0.0",
                "negotiator": "0.4.7"
            }
        },
        "amdefine": {
            "version": "1.0.1",
            "resolved": "https://registry.npmjs.org/amdefine/-/amdefine-1.0.1.tgz",
            "integrity": "sha1-SlKCrBZHKek2Gbz9OtFR+BfOkfU="
        },
        "async": {
            "version": "0.2.10",
            "resolved": "https://registry.npmjs.org/async/-/async-0.2.10.tgz",
            "integrity": "sha1-trvgsGdLnXGXCMo43owjfLUmw9E="
        },
        "bytes": {
            "version": "1.0.0",
            "resolved": "https://registry.npmjs.org/bytes/-/bytes-1.0.0.tgz",
            "integrity": "sha1-NWnt6Lo0MV+rmcPpLLBMciDeH6g="
        },
        "camelcase": {
            "version": "1.2.1",
            "resolved": "https://registry.npmjs.org/camelcase/-/camelcase-1.2.1.tgz",
            "integrity": "sha1-m7UwTS4LVmmLLHWLCKPqqdqlijk="
        },
        "co": {
            "version": "3.0.6",
            "resolved": "https://registry.npmjs.org/co/-/co-3.0.6.tgz",
            "integrity": "sha1-FEXyJsXrlWE45oyawwFn6n0ua9o="
        },
        "co-body": {
            "version": "0.0.1",
            "resolved": "https://registry.npmjs.org/co-body/-/co-body-0.0.1.tgz",
            "integrity": "sha1-gkGwR9D7w++bjbOFOfvM/ll1yq4=",
            "requires": {
                "qs": "~0.6.5",
                "raw-body": "~1.1.1"
            }
        },
        "co-render": {
            "version": "0.0.1",
            "resolved": "https://registry.npmjs.org/co-render/-/co-render-0.0.1.tgz",
            "integrity": "sha1-Mo9gGE3Daf4ed1gF7nahMV9PSV8=",
            "requires": {
                "consolidate": "~0.9.1",
                "debug": "*"
            }
        },
        "co-views": {
            "version": "0.1.0",
            "resolved": "https://registry.npmjs.org/co-views/-/co-views-0.1.0.tgz",
            "integrity": "sha1-Gs+CKzxZqyXtE4hzbMNabseabuE=",
            "requires": {
                "co-render": "0.0.1",
                "debug": "*"
            }
        },
        "consolidate": {
            "version": "0.9.1",
            "resolved": "https://registry.npmjs.org/consolidate/-/consolidate-0.9.1.tgz",
            "integrity": "sha1-m8l+ch1pdl8yDyMiB9THf6PiLKI="
        },
        "cookies": {
            "version": "0.3.8",
            "resolved": "https://registry.npmjs.org/cookies/-/cookies-0.3.8.tgz",
            "integrity": "sha1-kv5QkY89Va7Erp2Xi83doq2ijOk="
        },
        "debug": {
            "version": "4.3.2",
            "resolved": "https://registry.npmjs.org/debug/-/debug-4.3.2.tgz",
            "integrity": "sha512-mOp8wKcvj7XxC78zLgw/ZA+6TSgkoE2C/ienthhRD298T7UNwAg9diBpLRxC0mOezLl4B0xV7M0cCO6P/O0Xhw==",
            "requires": {
                "ms": "2.1.2"
            }
        },
        "decamelize": {
            "version": "1.2.0",
            "resolved": "https://registry.npmjs.org/decamelize/-/decamelize-1.2.0.tgz",
            "integrity": "sha1-9lNNFRSCabIDUue+4m9QH5oZEpA="
        },
        "fresh": {
            "version": "0.2.4",
            "resolved": "https://registry.npmjs.org/fresh/-/fresh-0.2.4.tgz",
            "integrity": "sha1-NYJJkgbJcjcUGQ7ddLRgT+tKYUw="
        },
        "humanize-number": {
            "version": "0.0.2",
            "resolved": "https://registry.npmjs.org/humanize-number/-/humanize-number-0.0.2.tgz",
            "integrity": "sha1-EcCvakcWQ2M1iFiASPF5lUFInBg="
        },
        "keygrip": {
            "version": "1.0.3",
            "resolved": "https://registry.npmjs.org/keygrip/-/keygrip-1.0.3.tgz",
            "integrity": "sha512-/PpesirAIfaklxUzp4Yb7xBper9MwP6hNRA6BGGUFCgbJ+BM5CKBtsoxinNXkLHAr+GXS1/lSlF2rP7cv5Fl+g=="
        },
        "koa": {
            "version": "0.2.1",
            "resolved": "https://registry.npmjs.org/koa/-/koa-0.2.1.tgz",
            "integrity": "sha1-Aw8qOBYk3rSif7XSeqfglczNbZw=",
            "requires": {
                "accepts": "~1.0.0",
                "co": "~3.0.1",
                "cookies": "~0.3.7",
                "debug": "*",
                "fresh": "~0.2.0",
                "keygrip": "~1.0.0",
                "koa-compose": "~2.1.0",
                "mime": "~1.2.11",
                "on-socket-error": "~1.0.1",
                "type-is": "~1.0.0"
            }
        },
        "koa-compose": {
            "version": "2.1.0",
            "resolved": "https://registry.npmjs.org/koa-compose/-/koa-compose-2.1.0.tgz",
            "integrity": "sha1-PIzFBhKrY4p5XQqw1LSq0xu6zjE=",
            "requires": {
                "debug": "*"
            }
        },
        "koa-logger": {
            "version": "1.1.1",
            "resolved": "https://registry.npmjs.org/koa-logger/-/koa-logger-1.1.1.tgz",
            "integrity": "sha1-eeSOFVqejzh2Di/c2aGrC74a9ZM=",
            "requires": {
                "bytes": "~0.2.1",
                "humanize-number": "~0.0.1",
                "passthrough-counter": "~0.0.1"
            },
            "dependencies": {
                "bytes": {
                    "version": "0.2.1",
                    "resolved": "https://registry.npmjs.org/bytes/-/bytes-0.2.1.tgz",
                    "integrity": "sha1-VVsIq8sGP4l1kFMCUj5M1P/f3zE="
                }
            }
        },
        "koa-route": {
            "version": "1.0.2",
            "resolved": "https://registry.npmjs.org/koa-route/-/koa-route-1.0.2.tgz",
            "integrity": "sha1-E2pnXqsnH6jz+VVaiNwo1VhNBQA=",
            "requires": {
                "debug": "*",
                "methods": "0.1.0",
                "path-to-regexp": "0.0.2"
            }
        },
        "methods": {
            "version": "0.1.0",
            "resolved": "https://registry.npmjs.org/methods/-/methods-0.1.0.tgz",
            "integrity": "sha1-M11Cnu/SG3us8unJIqjSvRSjDk8="
        },
        "mime": {
            "version": "1.2.11",
            "resolved": "https://registry.npmjs.org/mime/-/mime-1.2.11.tgz",
            "integrity": "sha1-WCA+7Ybjpe8XrtK32evUfwpg3RA="
        },
        "mime-types": {
            "version": "1.0.2",
            "resolved": "https://registry.npmjs.org/mime-types/-/mime-types-1.0.2.tgz",
            "integrity": "sha1-mVrhOSq4r/y/yyZB3QVOlDwNXc4="
        },
        "minimist": {
            "version": "0.0.10",
            "resolved": "https://registry.npmjs.org/minimist/-/minimist-0.0.10.tgz",
            "integrity": "sha1-3j+YVD2/lggr5IrRoMfNqDYwHc8="
        },
        "ms": {
            "version": "2.1.2",
            "resolved": "https://registry.npmjs.org/ms/-/ms-2.1.2.tgz",
            "integrity": "sha512-sGkPx+VjMtmA6MX27oA4FBFELFCZZ4S4XqeGOXCv68tT+jb3vk/RyaKWP0PTKyWtmLSM0b+adUTEvbs1PEaH2w=="
        },
        "negotiator": {
            "version": "0.4.7",
            "resolved": "https://registry.npmjs.org/negotiator/-/negotiator-0.4.7.tgz",
            "integrity": "sha1-pBYPcXfsgGc4Yx0NMFIyXaQqvcg="
        },
        "on-socket-error": {
            "version": "1.0.1",
            "resolved": "https://registry.npmjs.org/on-socket-error/-/on-socket-error-1.0.1.tgz",
            "integrity": "sha1-XlY72XeMpfoRilHpdbJoWukvqzg="
        },
        "optimist": {
            "version": "0.6.1",
            "resolved": "https://registry.npmjs.org/optimist/-/optimist-0.6.1.tgz",
            "integrity": "sha1-2j6nRob6IaGaERwybpDrFaAZZoY=",
            "requires": {
                "minimist": "~0.0.1",
                "wordwrap": "~0.0.2"
            }
        },
        "passthrough-counter": {
            "version": "0.0.1",
            "resolved": "https://registry.npmjs.org/passthrough-counter/-/passthrough-counter-0.0.1.tgz",
            "integrity": "sha1-VqCSUggcZLn25SUC8BvsnUeMhRc="
        },
        "path-to-regexp": {
            "version": "0.0.2",
            "resolved": "https://registry.npmjs.org/path-to-regexp/-/path-to-regexp-0.0.2.tgz",
            "integrity": "sha1-SJ/rBgsxREOlSUqx2i7+0gQKskw="
        },
        "qs": {
            "version": "0.6.6",
            "resolved": "https://registry.npmjs.org/qs/-/qs-0.6.6.tgz",
            "integrity": "sha1-bgFQmP9RlouKPIGQAdXyyJvEsQc="
        },
        "raw-body": {
            "version": "1.1.7",
            "resolved": "https://registry.npmjs.org/raw-body/-/raw-body-1.1.7.tgz",
            "integrity": "sha1-HQJ8K/oRasxmI7yo8AAWVyqH1CU=",
            "requires": {
                "bytes": "1",
                "string_decoder": "0.10"
            }
        },
        "source-map": {
            "version": "0.1.34",
            "resolved": "https://registry.npmjs.org/source-map/-/source-map-0.1.34.tgz",
            "integrity": "sha1-p8/omux7FoLDsZjQrPtH19CQVms=",
            "requires": {
                "amdefine": ">=0.0.4"
            }
        },
        "string_decoder": {
            "version": "0.10.31",
            "resolved": "https://registry.npmjs.org/string_decoder/-/string_decoder-0.10.31.tgz",
            "integrity": "sha1-YuIDvEF2bGwoyfyEMB2rHFMQ+pQ="
        },
        "swig": {
            "version": "1.2.2",
            "resolved": "https://registry.npmjs.org/swig/-/swig-1.2.2.tgz",
            "integrity": "sha1-Ny52T1hpSNutQ6elhIwOmBY5598=",
            "requires": {
                "optimist": "~0.6",
                "uglify-js": "~2.4"
            }
        },
        "type-is": {
            "version": "1.0.1",
            "resolved": "https://registry.npmjs.org/type-is/-/type-is-1.0.1.tgz",
            "integrity": "sha1-rgnZOVPHhG9cCDGSg3V1qzY0CPE=",
            "requires": {
                "mime": "~1.2.11"
            }
        },
        "uglify-js": {
            "version": "2.4.24",
            "resolved": "https://registry.npmjs.org/uglify-js/-/uglify-js-2.4.24.tgz",
            "integrity": "sha1-+tV1XB4Vd2WLsG/5q25UjJW+vW4=",
            "requires": {
                "async": "~0.2.6",
                "source-map": "0.1.34",
                "uglify-to-browserify": "~1.0.0",
                "yargs": "~3.5.4"
            }
        },
        "uglify-to-browserify": {
            "version": "1.0.2",
            "resolved": "https://registry.npmjs.org/uglify-to-browserify/-/uglify-to-browserify-1.0.2.tgz",
            "integrity": "sha1-bgkk1r2mta/jSeOabWMoUKD4grc="
        },
        "window-size": {
            "version": "0.1.0",
            "resolved": "https://registry.npmjs.org/window-size/-/window-size-0.1.0.tgz",
            "integrity": "sha1-VDjNLqk7IC76Ohn+iIeu58lPnJ0="
        },
        "wordwrap": {
            "version": "0.0.3",
            "resolved": "https://registry.npmjs.org/wordwrap/-/wordwrap-0.0.3.tgz",
            "integrity": "sha1-o9XabNXAvAAI03I0u68b7WMFkQc="
        },
        "yargs": {
            "version": "3.5.4",
            "resolved": "https://registry.npmjs.org/yargs/-/yargs-3.5.4.tgz",
            "integrity": "sha1-2K/49mXpTDS9JZvevRv68N3TU2E=",
            "requires": {
                "camelcase": "^1.0.2",
                "decamelize": "^1.0.0",
                "window-size": "0.1.0",
                "wordwrap": "0.0.2"
            },
            "dependencies": {
                "wordwrap": {
                    "version": "0.0.2",
                    "resolved": "https://registry.npmjs.org/wordwrap/-/wordwrap-0.0.2.tgz",
                    "integrity": "sha1-t5Zpu0LstAn4PVg8rVLKF+qhZD8="
                }
            }
        }
    }
}
